
Microsoft Visual Studio Solution File, Format Version 11.00
# Visual C# Express 2010
Project("{FAE04EC0-301F-11D3-BF4B-00C04F79EFBC}") = "Minecraft_Swarm", "Minecraft_Swarm\Minecraft_Swarm.csproj", "{CA2B7942-C476-4896-AF50-FB34506BE376}"
EndProject
Global
	GlobalSection(SolutionConfigurationPlatforms) = preSolution
		Debug|x86 = Debug|x86
		Release|x86 = Release|x86
	EndGlobalSection
	GlobalSection(ProjectConfigurationPlatforms) = postSolution
		{CA2B7942-C476-4896-AF50-FB34506BE376}.Debug|x86.ActiveCfg = Debug|x86
		{CA2B7942-C476-4896-AF50-FB34506BE376}.Debug|x86.Build.0 = Debug|x86
		{CA2B7942-C476-4896-AF50-FB34506BE376}.Release|x86.ActiveCfg = Release|x86
		{CA2B7942-C476-4896-AF50-FB34506BE376}.Release|x86.Build.0 = Release|x86
	EndGlobalSection
	GlobalSection(SolutionProperties) = preSolution
		HideSolutionNode = FALSE
	EndGlobalSection
EndGlobal
